
Microsoft Visual Studio Solution File, Format Version 12.00
# Visual Studio Version 16
VisualStudioVersion = 16.0.30413.136
MinimumVisualStudioVersion = 10.0.40219.1
Project("{9A19103F-16F7-4668-BE54-9A1E7A4F7556}") = "MAS.DapperStorageTest", "MAS.DapperStorage.Test\MAS.DapperStorageTest.csproj", "{57C20562-11CA-48B9-B6D2-3EB43EBD2901}"
EndProject
Project("{9A19103F-16F7-4668-BE54-9A1E7A4F7556}") = "1. MAS.DapperStorageTest.Models", "MAS.DapperStorage.Test.Models\1. MAS.DapperStorageTest.Models.csproj", "{7CFE43EF-A100-4649-BC66-F89884A42B5B}"
EndProject
Project("{9A19103F-16F7-4668-BE54-9A1E7A4F7556}") = "3. MAS.DappertStorageTest.Cqrs", "MAS.DappertStorageTest.Cqrs\3. MAS.DappertStorageTest.Cqrs.csproj", "{60D6504E-D89E-4354-A79B-9A10491F1022}"
EndProject
Project("{9A19103F-16F7-4668-BE54-9A1E7A4F7556}") = "2. MAS.DapperStorageTest.Infrastructure", "MAS.DapperStrorageTest.Infrastructure\2. MAS.DapperStorageTest.Infrastructure.csproj", "{7D3096B8-06EF-4CCA-8CA4-9E01435A5D81}"
EndProject
Project("{E53339B2-1760-4266-BCC7-CA923CBCF16C}") = "docker-compose", "docker-compose.dcproj", "{C837083A-9312-42F7-8AE1-854EACE7B348}"
EndProject
Project("{2150E333-8FDC-42A3-9474-1A3956D46DE8}") = "0. Solution items", "0. Solution items", "{6A7EE1DE-80A4-43E8-BE2E-01778CF34C50}"
	ProjectSection(SolutionItems) = preProject
		DbInit.sql = DbInit.sql
		Ideas.txt = Ideas.txt
	EndProjectSection
EndProject
Project("{2150E333-8FDC-42A3-9474-1A3956D46DE8}") = "Tests", "Tests", "{52CB5C46-46A4-4F87-920A-046749E26F1F}"
EndProject
Project("{9A19103F-16F7-4668-BE54-9A1E7A4F7556}") = "3. MAS.DappertStorageTest.Cqrs.Tests", "Tests\MAS.DappertStorageTest.Cqrs.Tests\3. MAS.DappertStorageTest.Cqrs.Tests.csproj", "{F3797D24-B18D-48D4-8BEA-35098EF708BE}"
EndProject
Project("{9A19103F-16F7-4668-BE54-9A1E7A4F7556}") = "2. MAS.DapperStorageTest.Infrastructure.Tests", "Tests\MAS.DapperStorageTest.Infrastructure.Tests\2. MAS.DapperStorageTest.Infrastructure.Tests.csproj", "{A2DC8B1E-6388-4DE3-841A-835B7C79CA5F}"
EndProject
Global
	GlobalSection(SolutionConfigurationPlatforms) = preSolution
		Debug|Any CPU = Debug|Any CPU
		Release|Any CPU = Release|Any CPU
	EndGlobalSection
	GlobalSection(ProjectConfigurationPlatforms) = postSolution
		{57C20562-11CA-48B9-B6D2-3EB43EBD2901}.Debug|Any CPU.ActiveCfg = Debug|Any CPU
		{57C20562-11CA-48B9-B6D2-3EB43EBD2901}.Debug|Any CPU.Build.0 = Debug|Any CPU
		{57C20562-11CA-48B9-B6D2-3EB43EBD2901}.Release|Any CPU.ActiveCfg = Release|Any CPU
		{57C20562-11CA-48B9-B6D2-3EB43EBD2901}.Release|Any CPU.Build.0 = Release|Any CPU
		{7CFE43EF-A100-4649-BC66-F89884A42B5B}.Debug|Any CPU.ActiveCfg = Debug|Any CPU
		{7CFE43EF-A100-4649-BC66-F89884A42B5B}.Debug|Any CPU.Build.0 = Debug|Any CPU
		{7CFE43EF-A100-4649-BC66-F89884A42B5B}.Release|Any CPU.ActiveCfg = Release|Any CPU
		{7CFE43EF-A100-4649-BC66-F89884A42B5B}.Release|Any CPU.Build.0 = Release|Any CPU
		{60D6504E-D89E-4354-A79B-9A10491F1022}.Debug|Any CPU.ActiveCfg = Debug|Any CPU
		{60D6504E-D89E-4354-A79B-9A10491F1022}.Debug|Any CPU.Build.0 = Debug|Any CPU
		{60D6504E-D89E-4354-A79B-9A10491F1022}.Release|Any CPU.ActiveCfg = Release|Any CPU
		{60D6504E-D89E-4354-A79B-9A10491F1022}.Release|Any CPU.Build.0 = Release|Any CPU
		{7D3096B8-06EF-4CCA-8CA4-9E01435A5D81}.Debug|Any CPU.ActiveCfg = Debug|Any CPU
		{7D3096B8-06EF-4CCA-8CA4-9E01435A5D81}.Debug|Any CPU.Build.0 = Debug|Any CPU
		{7D3096B8-06EF-4CCA-8CA4-9E01435A5D81}.Release|Any CPU.ActiveCfg = Release|Any CPU
		{7D3096B8-06EF-4CCA-8CA4-9E01435A5D81}.Release|Any CPU.Build.0 = Release|Any CPU
		{C837083A-9312-42F7-8AE1-854EACE7B348}.Debug|Any CPU.ActiveCfg = Debug|Any CPU
		{C837083A-9312-42F7-8AE1-854EACE7B348}.Debug|Any CPU.Build.0 = Debug|Any CPU
		{C837083A-9312-42F7-8AE1-854EACE7B348}.Release|Any CPU.ActiveCfg = Release|Any CPU
		{C837083A-9312-42F7-8AE1-854EACE7B348}.Release|Any CPU.Build.0 = Release|Any CPU
		{F3797D24-B18D-48D4-8BEA-35098EF708BE}.Debug|Any CPU.ActiveCfg = Debug|Any CPU
		{F3797D24-B18D-48D4-8BEA-35098EF708BE}.Debug|Any CPU.Build.0 = Debug|Any CPU
		{F3797D24-B18D-48D4-8BEA-35098EF708BE}.Release|Any CPU.ActiveCfg = Release|Any CPU
		{F3797D24-B18D-48D4-8BEA-35098EF708BE}.Release|Any CPU.Build.0 = Release|Any CPU
		{A2DC8B1E-6388-4DE3-841A-835B7C79CA5F}.Debug|Any CPU.ActiveCfg = Debug|Any CPU
		{A2DC8B1E-6388-4DE3-841A-835B7C79CA5F}.Debug|Any CPU.Build.0 = Debug|Any CPU
		{A2DC8B1E-6388-4DE3-841A-835B7C79CA5F}.Release|Any CPU.ActiveCfg = Release|Any CPU
		{A2DC8B1E-6388-4DE3-841A-835B7C79CA5F}.Release|Any CPU.Build.0 = Release|Any CPU
	EndGlobalSection
	GlobalSection(SolutionProperties) = preSolution
		HideSolutionNode = FALSE
	EndGlobalSection
	GlobalSection(NestedProjects) = preSolution
		{C837083A-9312-42F7-8AE1-854EACE7B348} = {6A7EE1DE-80A4-43E8-BE2E-01778CF34C50}
		{F3797D24-B18D-48D4-8BEA-35098EF708BE} = {52CB5C46-46A4-4F87-920A-046749E26F1F}
		{A2DC8B1E-6388-4DE3-841A-835B7C79CA5F} = {52CB5C46-46A4-4F87-920A-046749E26F1F}
	EndGlobalSection
	GlobalSection(ExtensibilityGlobals) = postSolution
		SolutionGuid = {ECBC58C1-E090-4C9A-A683-4C4113BA889F}
	EndGlobalSection
EndGlobal
